
Microsoft Visual Studio Solution File, Format Version 12.00
# Visual Studio Version 17
VisualStudioVersion = 17.9.34622.214
MinimumVisualStudioVersion = 10.0.40219.1
Project("{FAE04EC0-301F-11D3-BF4B-00C04F79EFBC}") = "Week 15", "Week 15\Week 15.csproj", "{4162331A-634B-45F9-AD96-52D9347ADF52}"
EndProject
Global
	GlobalSection(SolutionConfigurationPlatforms) = preSolution
		Debug|Any CPU = Debug|Any CPU
		Release|Any CPU = Release|Any CPU
	EndGlobalSection
	GlobalSection(ProjectConfigurationPlatforms) = postSolution
		{4162331A-634B-45F9-AD96-52D9347ADF52}.Debug|Any CPU.ActiveCfg = Debug|Any CPU
		{4162331A-634B-45F9-AD96-52D9347ADF52}.Debug|Any CPU.Build.0 = Debug|Any CPU
		{4162331A-634B-45F9-AD96-52D9347ADF52}.Release|Any CPU.ActiveCfg = Release|Any CPU
		{4162331A-634B-45F9-AD96-52D9347ADF52}.Release|Any CPU.Build.0 = Release|Any CPU
	EndGlobalSection
	GlobalSection(SolutionProperties) = preSolution
		HideSolutionNode = FALSE
	EndGlobalSection
	GlobalSection(ExtensibilityGlobals) = postSolution
		SolutionGuid = {BA4BC01C-0D0A-45CD-B7FB-1313129D6387}
	EndGlobalSection
EndGlobal
